<?xml version="1.0" encoding="utf-8"?>
<Project xmlns="http://schemas.microsoft.com/developer/msbuild/2003">
  <PropertyGroup>
    <ProjectGuid>{5b774752-b95d-48c6-8c90-595f1c42b848}</ProjectGuid>
    <Configuration Condition=" '$(Configuration)' == '' ">Debug</Configuration>
    <Platform Condition=" '$(Platform)' == '' ">AnyCPU</Platform>
    <DCC_DCCCompiler>DCC32</DCC_DCCCompiler>
    <DCC_DependencyCheckOutputName>C:\Batj2005\Module\BaQuality.dll</DCC_DependencyCheckOutputName>
    <MainSource>BaQuality.dpr</MainSource>
  </PropertyGroup>
  <PropertyGroup Condition=" '$(Configuration)|$(Platform)' == 'Release|AnyCPU' ">
    <Version>7.0</Version>
    <DCC_DebugInformation>False</DCC_DebugInformation>
    <DCC_LocalDebugSymbols>False</DCC_LocalDebugSymbols>
    <DCC_SymbolReferenceInfo>0</DCC_SymbolReferenceInfo>
    <DCC_Define>RELEASE</DCC_Define>
  </PropertyGroup>
  <PropertyGroup Condition=" '$(Configuration)|$(Platform)' == 'Debug|AnyCPU' ">
    <Version>7.0</Version>
    <DCC_Define>DEBUG</DCC_Define>
    <DCC_UnitSearchPath>E:\Batj2012\Source\BatjInterface;E:\Batj2012\Source\Client\BaseForm;E:\Batj2012\Source\Share;E:\Batj2012\Source\Dcu;E:\Batj2012\Source\Public;E:\Batj2012\Source\MidClient\BaseClass</DCC_UnitSearchPath>
    <DCC_ResourcePath>E:\Batj2012\Source\BatjInterface;E:\Batj2012\Source\Client\BaseForm;E:\Batj2012\Source\Share;E:\Batj2012\Source\Dcu;E:\Batj2012\Source\Public;E:\Batj2012\Source\MidClient\BaseClass</DCC_ResourcePath>
    <DCC_ObjPath>E:\Batj2012\Source\BatjInterface;E:\Batj2012\Source\Client\BaseForm;E:\Batj2012\Source\Share;E:\Batj2012\Source\Dcu;E:\Batj2012\Source\Public;E:\Batj2012\Source\MidClient\BaseClass</DCC_ObjPath>
    <DCC_IncludePath>E:\Batj2012\Source\BatjInterface;E:\Batj2012\Source\Client\BaseForm;E:\Batj2012\Source\Share;E:\Batj2012\Source\Dcu;E:\Batj2012\Source\Public;E:\Batj2012\Source\MidClient\BaseClass</DCC_IncludePath>
    <DCC_ExeOutput>C:\Batj2005\Module</DCC_ExeOutput>
    <DCC_DebugInfoInExe>True</DCC_DebugInfoInExe>
    <DCC_DebugVN>True</DCC_DebugVN>
    <DCC_RemoteDebug>True</DCC_RemoteDebug>
  </PropertyGroup>
  <ProjectExtensions>
    <Borland.Personality>Delphi.Personality</Borland.Personality>
    <Borland.ProjectType />
    <BorlandProject>
<BorlandProject><Delphi.Personality><Parameters><Parameters Name="UseLauncher">False</Parameters><Parameters Name="LoadAllSymbols">True</Parameters><Parameters Name="LoadUnspecifiedSymbols">False</Parameters><Parameters Name="HostApplication">C:\Batj2005\PBatjC.exe</Parameters><Parameters Name="DebugCWD">C:\Batj2005</Parameters></Parameters><VersionInfo><VersionInfo Name="IncludeVerInfo">True</VersionInfo><VersionInfo Name="AutoIncBuild">True</VersionInfo><VersionInfo Name="MajorVer">1</VersionInfo><VersionInfo Name="MinorVer">0</VersionInfo><VersionInfo Name="Release">0</VersionInfo><VersionInfo Name="Build">1008</VersionInfo><VersionInfo Name="Debug">False</VersionInfo><VersionInfo Name="PreRelease">False</VersionInfo><VersionInfo Name="Special">False</VersionInfo><VersionInfo Name="Private">False</VersionInfo><VersionInfo Name="DLL">False</VersionInfo><VersionInfo Name="Locale">2052</VersionInfo><VersionInfo Name="CodePage">936</VersionInfo></VersionInfo><VersionInfoKeys><VersionInfoKeys Name="CompanyName"></VersionInfoKeys><VersionInfoKeys Name="FileDescription">病案质控</VersionInfoKeys><VersionInfoKeys Name="FileVersion">1.0.0.1008</VersionInfoKeys><VersionInfoKeys Name="InternalName"></VersionInfoKeys><VersionInfoKeys Name="LegalCopyright"></VersionInfoKeys><VersionInfoKeys Name="LegalTrademarks"></VersionInfoKeys><VersionInfoKeys Name="OriginalFilename"></VersionInfoKeys><VersionInfoKeys Name="ProductName">病案统计</VersionInfoKeys><VersionInfoKeys Name="ProductVersion">1.0.0.0</VersionInfoKeys><VersionInfoKeys Name="Comments"></VersionInfoKeys></VersionInfoKeys><Source><Source Name="MainSource">BaQuality.dpr</Source></Source></Delphi.Personality></BorlandProject></BorlandProject>
  </ProjectExtensions>
  <Import Project="$(MSBuildBinPath)\Borland.Delphi.Targets" />
  <ItemGroup>
    <DelphiCompile Include="BaQuality.dpr">
      <MainSource>MainSource</MainSource>
    </DelphiCompile>
    <DCCReference Include="..\..\Public\UGFun.pas" />
    <DCCReference Include="..\..\Public\UGVar.pas" />
    <DCCReference Include="..\BaseForm\UDM_Img.pas">
      <Form>DM_Img</Form>
      <DesignClass>TDataModule</DesignClass>
    </DCCReference>
    <DCCReference Include="..\BaseForm\UFrmBForm.pas">
      <Form>BForm</Form>
    </DCCReference>
    <DCCReference Include="..\BaseForm\UFrmSuiBForm.pas">
      <Form>FrmSuiBForm</Form>
    </DCCReference>
    <DCCReference Include="..\BaseForm\UFrmSuiBListForm.pas">
      <Form>FrmSuiBListForm</Form>
    </DCCReference>
    <DCCReference Include="..\BaseForm\UFrmSuiDBForm.pas">
      <Form>FrmSuiDBForm</Form>
    </DCCReference>
    <DCCReference Include="..\BaseForm\UFrmSuiDBListForm.pas">
      <Form>FrmSuiDBListForm</Form>
    </DCCReference>
    <DCCReference Include="UFrmBaPJ.pas">
      <Form>FrmBaPJ</Form>
    </DCCReference>
    <DCCReference Include="UFrmBaSy.pas">
      <Form>FrmBaSy</Form>
    </DCCReference>
    <DCCReference Include="UFrmZkDetail.pas">
      <Form>FrmZkDetail</Form>
    </DCCReference>
    <DCCReference Include="UVsBaSx.pas">
      <Form>FrmBaSx</Form>
    </DCCReference>
  </ItemGroup>
</Project>